
Microsoft Visual Studio Solution File, Format Version 12.00
# Visual Studio Version 16
VisualStudioVersion = 16.0.31613.86
MinimumVisualStudioVersion = 10.0.40219.1
Project("{9A19103F-16F7-4668-BE54-9A1E7A4F7556}") = "WebAppExamPart2", "WebAppExamPart2\WebAppExamPart2.csproj", "{68D40B7D-DAD1-42AD-8A15-8F88568B964C}"
EndProject
Project("{9A19103F-16F7-4668-BE54-9A1E7A4F7556}") = "WebAppExamPart2Test", "WebAppExamPart2Test\WebAppExamPart2Test.csproj", "{5CB5C5AD-0061-49D2-8B71-9B474D61B4F7}"
EndProject
Project("{2150E333-8FDC-42A3-9474-1A3956D46DE8}") = "Solution Items", "Solution Items", "{F2A76DE4-B7EB-49E3-A53B-A1A335391D2F}"
	ProjectSection(SolutionItems) = preProject
		Readme.txt = Readme.txt
	EndProjectSection
EndProject
Global
	GlobalSection(SolutionConfigurationPlatforms) = preSolution
		Debug|Any CPU = Debug|Any CPU
		Release|Any CPU = Release|Any CPU
	EndGlobalSection
	GlobalSection(ProjectConfigurationPlatforms) = postSolution
		{68D40B7D-DAD1-42AD-8A15-8F88568B964C}.Debug|Any CPU.ActiveCfg = Debug|Any CPU
		{68D40B7D-DAD1-42AD-8A15-8F88568B964C}.Debug|Any CPU.Build.0 = Debug|Any CPU
		{68D40B7D-DAD1-42AD-8A15-8F88568B964C}.Release|Any CPU.ActiveCfg = Release|Any CPU
		{68D40B7D-DAD1-42AD-8A15-8F88568B964C}.Release|Any CPU.Build.0 = Release|Any CPU
		{5CB5C5AD-0061-49D2-8B71-9B474D61B4F7}.Debug|Any CPU.ActiveCfg = Debug|Any CPU
		{5CB5C5AD-0061-49D2-8B71-9B474D61B4F7}.Debug|Any CPU.Build.0 = Debug|Any CPU
		{5CB5C5AD-0061-49D2-8B71-9B474D61B4F7}.Release|Any CPU.ActiveCfg = Release|Any CPU
		{5CB5C5AD-0061-49D2-8B71-9B474D61B4F7}.Release|Any CPU.Build.0 = Release|Any CPU
	EndGlobalSection
	GlobalSection(SolutionProperties) = preSolution
		HideSolutionNode = FALSE
	EndGlobalSection
	GlobalSection(ExtensibilityGlobals) = postSolution
		SolutionGuid = {A353094A-BD6B-43AC-ABBA-CF26DFED9BFA}
	EndGlobalSection
EndGlobal
